
Microsoft Visual Studio Solution File, Format Version 12.00
# Visual Studio Version 16
VisualStudioVersion = 16.0.30804.86
MinimumVisualStudioVersion = 10.0.40219.1
Project("{FAE04EC0-301F-11D3-BF4B-00C04F79EFBC}") = "TrackerLibrary", "TrackerLibrary\TrackerLibrary.csproj", "{475A3274-39D2-493E-BBF3-B59A08389575}"
EndProject
Project("{FAE04EC0-301F-11D3-BF4B-00C04F79EFBC}") = "TrackerUI", "TrackerUI\TrackerUI.csproj", "{8C9F82FF-C11C-435B-85E4-37124654BF25}"
EndProject
Global
	GlobalSection(SolutionConfigurationPlatforms) = preSolution
		Debug|Any CPU = Debug|Any CPU
		Release|Any CPU = Release|Any CPU
	EndGlobalSection
	GlobalSection(ProjectConfigurationPlatforms) = postSolution
		{475A3274-39D2-493E-BBF3-B59A08389575}.Debug|Any CPU.ActiveCfg = Debug|Any CPU
		{475A3274-39D2-493E-BBF3-B59A08389575}.Debug|Any CPU.Build.0 = Debug|Any CPU
		{475A3274-39D2-493E-BBF3-B59A08389575}.Release|Any CPU.ActiveCfg = Release|Any CPU
		{475A3274-39D2-493E-BBF3-B59A08389575}.Release|Any CPU.Build.0 = Release|Any CPU
		{8C9F82FF-C11C-435B-85E4-37124654BF25}.Debug|Any CPU.ActiveCfg = Debug|Any CPU
		{8C9F82FF-C11C-435B-85E4-37124654BF25}.Debug|Any CPU.Build.0 = Debug|Any CPU
		{8C9F82FF-C11C-435B-85E4-37124654BF25}.Release|Any CPU.ActiveCfg = Release|Any CPU
		{8C9F82FF-C11C-435B-85E4-37124654BF25}.Release|Any CPU.Build.0 = Release|Any CPU
	EndGlobalSection
	GlobalSection(SolutionProperties) = preSolution
		HideSolutionNode = FALSE
	EndGlobalSection
	GlobalSection(ExtensibilityGlobals) = postSolution
		SolutionGuid = {D9AE0A3A-E41E-404D-AD70-1CAC4C7A4879}
	EndGlobalSection
EndGlobal
